name: Lock

on:
  schedule:
    - cron: "0 0 * * *"
  workflow_dispatch:

permissions:
  issues: write
  pull-requests: write

concurrency:
  group: lock

jobs:
  lock:
    runs-on: ubuntu-latest
    steps:
      - uses: dessant/lock-threads@1bf7ec25051fe7c00bdd17e6a7cf3d7bfb7dc771  # v5.0.1
        with:
          github-token: ${{ github.token }}
          exclude-any-issue-labels: "planned, help-wanted, security"
          exclude-any-pr-labels: "wip"
          issue-inactive-days: "30"
          issue-lock-reason: ""
          pr-inactive-days: "7"
          pr-lock-reason: ""
